{
  "nodes": {
    "disko": {
      "inputs": {
        "nixpkgs": [
          "nixpkgs"
        ]
      },
      "locked": {
        "lastModified": 1711588700,
        "narHash": "sha256-vBB5HoQVnA6c/UrDOhLXKAahEwSRccw2YXYHxD7qoi4=",
        "owner": "nix-community",
        "repo": "disko",
        "rev": "502241afa3de2a24865ddcbe4c122f4546e32092",
        "type": "github"
      },
      "original": {
        "owner": "nix-community",
        "repo": "disko",
        "type": "github"
      }
    },
    "home-manager": {
      "inputs": {
        "nixpkgs": [
          "nixpkgs"
        ]
      },
      "locked": {
        "lastModified": 1711625603,
        "narHash": "sha256-W+9dfqA9bqUIBV5u7jaIARAzMe3kTq/Hp2SpSVXKRQw=",
        "owner": "nix-community",
        "repo": "home-manager",
        "rev": "c0ef0dab55611c676ad7539bf4e41b3ec6fa87d2",
        "type": "github"
      },
      "original": {
        "owner": "nix-community",
        "repo": "home-manager",
        "type": "github"
      }
    },
    "nixpkgs": {
      "locked": {
        "lastModified": 1711800066,
        "narHash": "sha256-ifNDU0R3OgfNhgTAwQckfaY3pi3lOed+SAes7mffJrM=",
        "owner": "nixos",
        "repo": "nixpkgs",
        "rev": "48d06167c6d80ba706833f8f76f8a8fe7c33786c",
        "type": "github"
      },
      "original": {
        "owner": "nixos",
        "ref": "staging-next",
        "repo": "nixpkgs",
        "type": "github"
      }
    },
    "plasma-manager": {
      "inputs": {
        "home-manager": [
          "home-manager"
        ],
        "nixpkgs": [
          "nixpkgs"
        ]
      },
      "locked": {
        "lastModified": 1711799416,
        "narHash": "sha256-BM3aduxJjvSL0jTYG1ixWDhBvIWuouycvprKQYP0FnM=",
        "owner": "pjones",
        "repo": "plasma-manager",
        "rev": "25b222a95a764bb76b7082746e8a1115c46ae2d8",
        "type": "github"
      },
      "original": {
        "owner": "pjones",
        "repo": "plasma-manager",
        "type": "github"
      }
    },
    "root": {
      "inputs": {
        "disko": "disko",
        "home-manager": "home-manager",
        "nixpkgs": "nixpkgs",
        "plasma-manager": "plasma-manager"
      }
    }
  },
  "root": "root",
  "version": 7
}
